// !$*UTF8*$!
{
	archiveVersion = 1;
	classes = {
	};
	objectVersion = 55;
	objects = {

/* Begin PBXBuildFile section */
		1A415DF02B390B4200329538 /* PhotoCollectionViewCell.swift in Sources */ = {isa = PBXBuildFile; fileRef = 1A415DEE2B390B4200329538 /* PhotoCollectionViewCell.swift */; };
		1A415DF12B390B4200329538 /* PhotoCollectionViewCell.xib in Resources */ = {isa = PBXBuildFile; fileRef = 1A415DEF2B390B4200329538 /* PhotoCollectionViewCell.xib */; };
		1A5124AB2B370FA100CCCC7C /* SearchPhotosResponse.swift in Sources */ = {isa = PBXBuildFile; fileRef = 1A5124AA2B370FA100CCCC7C /* SearchPhotosResponse.swift */; };
		1A64BE1A2B1968E300FCD12A /* MainViewController.swift in Sources */ = {isa = PBXBuildFile; fileRef = 1A64BE182B1968E300FCD12A /* MainViewController.swift */; };
		1A64BE1B2B1968E300FCD12A /* MainViewController.xib in Resources */ = {isa = PBXBuildFile; fileRef = 1A64BE192B1968E300FCD12A /* MainViewController.xib */; };
		1A9FC0C12B3C81EC00AC93DA /* ImageScrollViewController.swift in Sources */ = {isa = PBXBuildFile; fileRef = 1A9FC0BF2B3C81EC00AC93DA /* ImageScrollViewController.swift */; };
		1A9FC0C22B3C81EC00AC93DA /* ImageScrollViewController.xib in Resources */ = {isa = PBXBuildFile; fileRef = 1A9FC0C02B3C81EC00AC93DA /* ImageScrollViewController.xib */; };
		1A9FC0C52B3C881900AC93DA /* SearchTextCollectionViewCell.swift in Sources */ = {isa = PBXBuildFile; fileRef = 1A9FC0C32B3C881900AC93DA /* SearchTextCollectionViewCell.swift */; };
		1A9FC0C62B3C881900AC93DA /* SearchTextCollectionViewCell.xib in Resources */ = {isa = PBXBuildFile; fileRef = 1A9FC0C42B3C881900AC93DA /* SearchTextCollectionViewCell.xib */; };
		1AB18FC42B13860400988996 /* AppDelegate.swift in Sources */ = {isa = PBXBuildFile; fileRef = 1AB18FC32B13860400988996 /* AppDelegate.swift */; };
		1AB18FC62B13860400988996 /* SceneDelegate.swift in Sources */ = {isa = PBXBuildFile; fileRef = 1AB18FC52B13860400988996 /* SceneDelegate.swift */; };
		1AB18FCD2B13860500988996 /* Assets.xcassets in Resources */ = {isa = PBXBuildFile; fileRef = 1AB18FCC2B13860500988996 /* Assets.xcassets */; };
		1AB18FD02B13860500988996 /* LaunchScreen.storyboard in Resources */ = {isa = PBXBuildFile; fileRef = 1AB18FCE2B13860500988996 /* LaunchScreen.storyboard */; };
		1AB18FD92B1387D100988996 /* OnboardingViewController.swift in Sources */ = {isa = PBXBuildFile; fileRef = 1AB18FD72B1387D100988996 /* OnboardingViewController.swift */; };
		1AB18FDA2B1387D100988996 /* OnboardingViewController.xib in Resources */ = {isa = PBXBuildFile; fileRef = 1AB18FD82B1387D100988996 /* OnboardingViewController.xib */; };
		1AB18FDD2B13922E00988996 /* OnboardingCollectionViewCell.swift in Sources */ = {isa = PBXBuildFile; fileRef = 1AB18FDB2B13922E00988996 /* OnboardingCollectionViewCell.swift */; };
		1AB18FDE2B13922E00988996 /* OnboardingCollectionViewCell.xib in Resources */ = {isa = PBXBuildFile; fileRef = 1AB18FDC2B13922E00988996 /* OnboardingCollectionViewCell.xib */; };
		1AB18FE02B139A2F00988996 /* OnboardingModel.swift in Sources */ = {isa = PBXBuildFile; fileRef = 1AB18FDF2B139A2F00988996 /* OnboardingModel.swift */; };
/* End PBXBuildFile section */

/* Begin PBXFileReference section */
		1A415DEE2B390B4200329538 /* PhotoCollectionViewCell.swift */ = {isa = PBXFileReference; lastKnownFileType = sourcecode.swift; path = PhotoCollectionViewCell.swift; sourceTree = "<group>"; };
		1A415DEF2B390B4200329538 /* PhotoCollectionViewCell.xib */ = {isa = PBXFileReference; lastKnownFileType = file.xib; path = PhotoCollectionViewCell.xib; sourceTree = "<group>"; };
		1A5124AA2B370FA100CCCC7C /* SearchPhotosResponse.swift */ = {isa = PBXFileReference; lastKnownFileType = sourcecode.swift; path = SearchPhotosResponse.swift; sourceTree = "<group>"; };
		1A64BE182B1968E300FCD12A /* MainViewController.swift */ = {isa = PBXFileReference; lastKnownFileType = sourcecode.swift; path = MainViewController.swift; sourceTree = "<group>"; };
		1A64BE192B1968E300FCD12A /* MainViewController.xib */ = {isa = PBXFileReference; lastKnownFileType = file.xib; path = MainViewController.xib; sourceTree = "<group>"; };
		1A9FC0BF2B3C81EC00AC93DA /* ImageScrollViewController.swift */ = {isa = PBXFileReference; lastKnownFileType = sourcecode.swift; path = ImageScrollViewController.swift; sourceTree = "<group>"; };
		1A9FC0C02B3C81EC00AC93DA /* ImageScrollViewController.xib */ = {isa = PBXFileReference; lastKnownFileType = file.xib; path = ImageScrollViewController.xib; sourceTree = "<group>"; };
		1A9FC0C32B3C881900AC93DA /* SearchTextCollectionViewCell.swift */ = {isa = PBXFileReference; lastKnownFileType = sourcecode.swift; path = SearchTextCollectionViewCell.swift; sourceTree = "<group>"; };
		1A9FC0C42B3C881900AC93DA /* SearchTextCollectionViewCell.xib */ = {isa = PBXFileReference; lastKnownFileType = file.xib; path = SearchTextCollectionViewCell.xib; sourceTree = "<group>"; };
		1AB18FC02B13860400988996 /* PixelPond.app */ = {isa = PBXFileReference; explicitFileType = wrapper.application; includeInIndex = 0; path = PixelPond.app; sourceTree = BUILT_PRODUCTS_DIR; };
		1AB18FC32B13860400988996 /* AppDelegate.swift */ = {isa = PBXFileReference; lastKnownFileType = sourcecode.swift; path = AppDelegate.swift; sourceTree = "<group>"; };
		1AB18FC52B13860400988996 /* SceneDelegate.swift */ = {isa = PBXFileReference; lastKnownFileType = sourcecode.swift; path = SceneDelegate.swift; sourceTree = "<group>"; };
		1AB18FCC2B13860500988996 /* Assets.xcassets */ = {isa = PBXFileReference; lastKnownFileType = folder.assetcatalog; path = Assets.xcassets; sourceTree = "<group>"; };
		1AB18FCF2B13860500988996 /* Base */ = {isa = PBXFileReference; lastKnownFileType = file.storyboard; name = Base; path = Base.lproj/LaunchScreen.storyboard; sourceTree = "<group>"; };
		1AB18FD12B13860500988996 /* Info.plist */ = {isa = PBXFileReference; lastKnownFileType = text.plist.xml; path = Info.plist; sourceTree = "<group>"; };
		1AB18FD72B1387D100988996 /* OnboardingViewController.swift */ = {isa = PBXFileReference; lastKnownFileType = sourcecode.swift; path = OnboardingViewController.swift; sourceTree = "<group>"; };
		1AB18FD82B1387D100988996 /* OnboardingViewController.xib */ = {isa = PBXFileReference; lastKnownFileType = file.xib; path = OnboardingViewController.xib; sourceTree = "<group>"; };
		1AB18FDB2B13922E00988996 /* OnboardingCollectionViewCell.swift */ = {isa = PBXFileReference; lastKnownFileType = sourcecode.swift; path = OnboardingCollectionViewCell.swift; sourceTree = "<group>"; };
		1AB18FDC2B13922E00988996 /* OnboardingCollectionViewCell.xib */ = {isa = PBXFileReference; lastKnownFileType = file.xib; path = OnboardingCollectionViewCell.xib; sourceTree = "<group>"; };
		1AB18FDF2B139A2F00988996 /* OnboardingModel.swift */ = {isa = PBXFileReference; lastKnownFileType = sourcecode.swift; path = OnboardingModel.swift; sourceTree = "<group>"; };
/* End PBXFileReference section */

/* Begin PBXFrameworksBuildPhase section */
		1AB18FBD2B13860400988996 /* Frameworks */ = {
			isa = PBXFrameworksBuildPhase;
			buildActionMask = 2147483647;
			files = (
			);
			runOnlyForDeploymentPostprocessing = 0;
		};
/* End PBXFrameworksBuildPhase section */

/* Begin PBXGroup section */
		1AB18FB72B13860400988996 = {
			isa = PBXGroup;
			children = (
				1AB18FC22B13860400988996 /* PixelPond */,
				1AB18FC12B13860400988996 /* Products */,
			);
			sourceTree = "<group>";
		};
		1AB18FC12B13860400988996 /* Products */ = {
			isa = PBXGroup;
			children = (
				1AB18FC02B13860400988996 /* PixelPond.app */,
			);
			name = Products;
			sourceTree = "<group>";
		};
		1AB18FC22B13860400988996 /* PixelPond */ = {
			isa = PBXGroup;
			children = (
				1AB18FC32B13860400988996 /* AppDelegate.swift */,
				1AB18FC52B13860400988996 /* SceneDelegate.swift */,
				1AB18FCC2B13860500988996 /* Assets.xcassets */,
				1AB18FCE2B13860500988996 /* LaunchScreen.storyboard */,
				1AB18FD72B1387D100988996 /* OnboardingViewController.swift */,
				1AB18FD82B1387D100988996 /* OnboardingViewController.xib */,
				1AB18FDB2B13922E00988996 /* OnboardingCollectionViewCell.swift */,
				1AB18FDC2B13922E00988996 /* OnboardingCollectionViewCell.xib */,
				1AB18FD12B13860500988996 /* Info.plist */,
				1AB18FDF2B139A2F00988996 /* OnboardingModel.swift */,
				1A64BE182B1968E300FCD12A /* MainViewController.swift */,
				1A64BE192B1968E300FCD12A /* MainViewController.xib */,
				1A9FC0BF2B3C81EC00AC93DA /* ImageScrollViewController.swift */,
				1A9FC0C02B3C81EC00AC93DA /* ImageScrollViewController.xib */,
				1A5124AA2B370FA100CCCC7C /* SearchPhotosResponse.swift */,
				1A415DEE2B390B4200329538 /* PhotoCollectionViewCell.swift */,
				1A415DEF2B390B4200329538 /* PhotoCollectionViewCell.xib */,
				1A9FC0C32B3C881900AC93DA /* SearchTextCollectionViewCell.swift */,
				1A9FC0C42B3C881900AC93DA /* SearchTextCollectionViewCell.xib */,
			);
			path = PixelPond;
			sourceTree = "<group>";
		};
/* End PBXGroup section */

/* Begin PBXNativeTarget section */
		1AB18FBF2B13860400988996 /* PixelPond */ = {
			isa = PBXNativeTarget;
			buildConfigurationList = 1AB18FD42B13860500988996 /* Build configuration list for PBXNativeTarget "PixelPond" */;
			buildPhases = (
				1AB18FBC2B13860400988996 /* Sources */,
				1AB18FBD2B13860400988996 /* Frameworks */,
				1AB18FBE2B13860400988996 /* Resources */,
			);
			buildRules = (
			);
			dependencies = (
			);
			name = PixelPond;
			productName = PixelPond;
			productReference = 1AB18FC02B13860400988996 /* PixelPond.app */;
			productType = "com.apple.product-type.application";
		};
/* End PBXNativeTarget section */

/* Begin PBXProject section */
		1AB18FB82B13860400988996 /* Project object */ = {
			isa = PBXProject;
			attributes = {
				BuildIndependentTargetsInParallel = 1;
				LastSwiftUpdateCheck = 1500;
				LastUpgradeCheck = 1500;
				TargetAttributes = {
					1AB18FBF2B13860400988996 = {
						CreatedOnToolsVersion = 15.0.1;
					};
				};
			};
			buildConfigurationList = 1AB18FBB2B13860400988996 /* Build configuration list for PBXProject "PixelPond" */;
			compatibilityVersion = "Xcode 13.0";
			developmentRegion = en;
			hasScannedForEncodings = 0;
			knownRegions = (
				en,
				Base,
			);
			mainGroup = 1AB18FB72B13860400988996;
			productRefGroup = 1AB18FC12B13860400988996 /* Products */;
			projectDirPath = "";
			projectRoot = "";
			targets = (
				1AB18FBF2B13860400988996 /* PixelPond */,
			);
		};
/* End PBXProject section */

/* Begin PBXResourcesBuildPhase section */
		1AB18FBE2B13860400988996 /* Resources */ = {
			isa = PBXResourcesBuildPhase;
			buildActionMask = 2147483647;
			files = (
				1A9FC0C22B3C81EC00AC93DA /* ImageScrollViewController.xib in Resources */,
				1AB18FD02B13860500988996 /* LaunchScreen.storyboard in Resources */,
				1AB18FCD2B13860500988996 /* Assets.xcassets in Resources */,
				1A64BE1B2B1968E300FCD12A /* MainViewController.xib in Resources */,
				1A415DF12B390B4200329538 /* PhotoCollectionViewCell.xib in Resources */,
				1AB18FDE2B13922E00988996 /* OnboardingCollectionViewCell.xib in Resources */,
				1A9FC0C62B3C881900AC93DA /* SearchTextCollectionViewCell.xib in Resources */,
				1AB18FDA2B1387D100988996 /* OnboardingViewController.xib in Resources */,
			);
			runOnlyForDeploymentPostprocessing = 0;
		};
/* End PBXResourcesBuildPhase section */

/* Begin PBXSourcesBuildPhase section */
		1AB18FBC2B13860400988996 /* Sources */ = {
			isa = PBXSourcesBuildPhase;
			buildActionMask = 2147483647;
			files = (
				1AB18FC42B13860400988996 /* AppDelegate.swift in Sources */,
				1A415DF02B390B4200329538 /* PhotoCollectionViewCell.swift in Sources */,
				1A9FC0C12B3C81EC00AC93DA /* ImageScrollViewController.swift in Sources */,
				1AB18FE02B139A2F00988996 /* OnboardingModel.swift in Sources */,
				1AB18FD92B1387D100988996 /* OnboardingViewController.swift in Sources */,
				1A64BE1A2B1968E300FCD12A /* MainViewController.swift in Sources */,
				1A5124AB2B370FA100CCCC7C /* SearchPhotosResponse.swift in Sources */,
				1A9FC0C52B3C881900AC93DA /* SearchTextCollectionViewCell.swift in Sources */,
				1AB18FC62B13860400988996 /* SceneDelegate.swift in Sources */,
				1AB18FDD2B13922E00988996 /* OnboardingCollectionViewCell.swift in Sources */,
			);
			runOnlyForDeploymentPostprocessing = 0;
		};
/* End PBXSourcesBuildPhase section */

/* Begin PBXVariantGroup section */
		1AB18FCE2B13860500988996 /* LaunchScreen.storyboard */ = {
			isa = PBXVariantGroup;
			children = (
				1AB18FCF2B13860500988996 /* Base */,
			);
			name = LaunchScreen.storyboard;
			sourceTree = "<group>";
		};
/* End PBXVariantGroup section */

/* Begin XCBuildConfiguration section */
		1AB18FD22B13860500988996 /* Debug */ = {
			isa = XCBuildConfiguration;
			buildSettings = {
				ALWAYS_SEARCH_USER_PATHS = NO;
				ASSETCATALOG_COMPILER_GENERATE_SWIFT_ASSET_SYMBOL_EXTENSIONS = YES;
				CLANG_ANALYZER_NONNULL = YES;
				CLANG_ANALYZER_NUMBER_OBJECT_CONVERSION = YES_AGGRESSIVE;
				CLANG_CXX_LANGUAGE_STANDARD = "gnu++20";
				CLANG_ENABLE_MODULES = YES;
				CLANG_ENABLE_OBJC_ARC = YES;
				CLANG_ENABLE_OBJC_WEAK = YES;
				CLANG_WARN_BLOCK_CAPTURE_AUTORELEASING = YES;
				CLANG_WARN_BOOL_CONVERSION = YES;
				CLANG_WARN_COMMA = YES;
				CLANG_WARN_CONSTANT_CONVERSION = YES;
				CLANG_WARN_DEPRECATED_OBJC_IMPLEMENTATIONS = YES;
				CLANG_WARN_DIRECT_OBJC_ISA_USAGE = YES_ERROR;
				CLANG_WARN_DOCUMENTATION_COMMENTS = YES;
				CLANG_WARN_EMPTY_BODY = YES;
				CLANG_WARN_ENUM_CONVERSION = YES;
				CLANG_WARN_INFINITE_RECURSION = YES;
				CLANG_WARN_INT_CONVERSION = YES;
				CLANG_WARN_NON_LITERAL_NULL_CONVERSION = YES;
				CLANG_WARN_OBJC_IMPLICIT_RETAIN_SELF = YES;
				CLANG_WARN_OBJC_LITERAL_CONVERSION = YES;
				CLANG_WARN_OBJC_ROOT_CLASS = YES_ERROR;
				CLANG_WARN_QUOTED_INCLUDE_IN_FRAMEWORK_HEADER = YES;
				CLANG_WARN_RANGE_LOOP_ANALYSIS = YES;
				CLANG_WARN_STRICT_PROTOTYPES = YES;
				CLANG_WARN_SUSPICIOUS_MOVE = YES;
				CLANG_WARN_UNGUARDED_AVAILABILITY = YES_AGGRESSIVE;
				CLANG_WARN_UNREACHABLE_CODE = YES;
				CLANG_WARN__DUPLICATE_METHOD_MATCH = YES;
				COPY_PHASE_STRIP = NO;
				DEBUG_INFORMATION_FORMAT = dwarf;
				ENABLE_STRICT_OBJC_MSGSEND = YES;
				ENABLE_TESTABILITY = YES;
				ENABLE_USER_SCRIPT_SANDBOXING = YES;
				GCC_C_LANGUAGE_STANDARD = gnu17;
				GCC_DYNAMIC_NO_PIC = NO;
				GCC_NO_COMMON_BLOCKS = YES;
				GCC_OPTIMIZATION_LEVEL = 0;
				GCC_PREPROCESSOR_DEFINITIONS = (
					"DEBUG=1",
					"$(inherited)",
				);
				GCC_WARN_64_TO_32_BIT_CONVERSION = YES;
				GCC_WARN_ABOUT_RETURN_TYPE = YES_ERROR;
				GCC_WARN_UNDECLARED_SELECTOR = YES;
				GCC_WARN_UNINITIALIZED_AUTOS = YES_AGGRESSIVE;
				GCC_WARN_UNUSED_FUNCTION = YES;
				GCC_WARN_UNUSED_VARIABLE = YES;
				IPHONEOS_DEPLOYMENT_TARGET = 17.0;
				LOCALIZATION_PREFERS_STRING_CATALOGS = YES;
				MTL_ENABLE_DEBUG_INFO = INCLUDE_SOURCE;
				MTL_FAST_MATH = YES;
				ONLY_ACTIVE_ARCH = YES;
				SDKROOT = iphoneos;
				SWIFT_ACTIVE_COMPILATION_CONDITIONS = "DEBUG $(inherited)";
				SWIFT_OPTIMIZATION_LEVEL = "-Onone";
			};
			name = Debug;
		};
		1AB18FD32B13860500988996 /* Release */ = {
			isa = XCBuildConfiguration;
			buildSettings = {
				ALWAYS_SEARCH_USER_PATHS = NO;
				ASSETCATALOG_COMPILER_GENERATE_SWIFT_ASSET_SYMBOL_EXTENSIONS = YES;
				CLANG_ANALYZER_NONNULL = YES;
				CLANG_ANALYZER_NUMBER_OBJECT_CONVERSION = YES_AGGRESSIVE;
				CLANG_CXX_LANGUAGE_STANDARD = "gnu++20";
				CLANG_ENABLE_MODULES = YES;
				CLANG_ENABLE_OBJC_ARC = YES;
				CLANG_ENABLE_OBJC_WEAK = YES;
				CLANG_WARN_BLOCK_CAPTURE_AUTORELEASING = YES;
				CLANG_WARN_BOOL_CONVERSION = YES;
				CLANG_WARN_COMMA = YES;
				CLANG_WARN_CONSTANT_CONVERSION = YES;
				CLANG_WARN_DEPRECATED_OBJC_IMPLEMENTATIONS = YES;
				CLANG_WARN_DIRECT_OBJC_ISA_USAGE = YES_ERROR;
				CLANG_WARN_DOCUMENTATION_COMMENTS = YES;
				CLANG_WARN_EMPTY_BODY = YES;
				CLANG_WARN_ENUM_CONVERSION = YES;
				CLANG_WARN_INFINITE_RECURSION = YES;
				CLANG_WARN_INT_CONVERSION = YES;
				CLANG_WARN_NON_LITERAL_NULL_CONVERSION = YES;
				CLANG_WARN_OBJC_IMPLICIT_RETAIN_SELF = YES;
				CLANG_WARN_OBJC_LITERAL_CONVERSION = YES;
				CLANG_WARN_OBJC_ROOT_CLASS = YES_ERROR;
				CLANG_WARN_QUOTED_INCLUDE_IN_FRAMEWORK_HEADER = YES;
				CLANG_WARN_RANGE_LOOP_ANALYSIS = YES;
				CLANG_WARN_STRICT_PROTOTYPES = YES;
				CLANG_WARN_SUSPICIOUS_MOVE = YES;
				CLANG_WARN_UNGUARDED_AVAILABILITY = YES_AGGRESSIVE;
				CLANG_WARN_UNREACHABLE_CODE = YES;
				CLANG_WARN__DUPLICATE_METHOD_MATCH = YES;
				COPY_PHASE_STRIP = NO;
				DEBUG_INFORMATION_FORMAT = "dwarf-with-dsym";
				ENABLE_NS_ASSERTIONS = NO;
				ENABLE_STRICT_OBJC_MSGSEND = YES;
				ENABLE_USER_SCRIPT_SANDBOXING = YES;
				GCC_C_LANGUAGE_STANDARD = gnu17;
				GCC_NO_COMMON_BLOCKS = YES;
				GCC_WARN_64_TO_32_BIT_CONVERSION = YES;
				GCC_WARN_ABOUT_RETURN_TYPE = YES_ERROR;
				GCC_WARN_UNDECLARED_SELECTOR = YES;
				GCC_WARN_UNINITIALIZED_AUTOS = YES_AGGRESSIVE;
				GCC_WARN_UNUSED_FUNCTION = YES;
				GCC_WARN_UNUSED_VARIABLE = YES;
				IPHONEOS_DEPLOYMENT_TARGET = 17.0;
				LOCALIZATION_PREFERS_STRING_CATALOGS = YES;
				MTL_ENABLE_DEBUG_INFO = NO;
				MTL_FAST_MATH = YES;
				SDKROOT = iphoneos;
				SWIFT_COMPILATION_MODE = wholemodule;
				VALIDATE_PRODUCT = YES;
			};
			name = Release;
		};
		1AB18FD52B13860500988996 /* Debug */ = {
			isa = XCBuildConfiguration;
			buildSettings = {
				ASSETCATALOG_COMPILER_APPICON_NAME = AppIcon;
				ASSETCATALOG_COMPILER_GLOBAL_ACCENT_COLOR_NAME = AccentColor;
				CODE_SIGN_STYLE = Automatic;
				CURRENT_PROJECT_VERSION = 1;
				DEVELOPMENT_TEAM = PHG6N4C833;
				GENERATE_INFOPLIST_FILE = YES;
				INFOPLIST_FILE = PixelPond/Info.plist;
				INFOPLIST_KEY_UIApplicationSupportsIndirectInputEvents = YES;
				INFOPLIST_KEY_UILaunchStoryboardName = LaunchScreen;
				INFOPLIST_KEY_UISupportedInterfaceOrientations_iPad = "UIInterfaceOrientationPortrait UIInterfaceOrientationPortraitUpsideDown UIInterfaceOrientationLandscapeLeft UIInterfaceOrientationLandscapeRight";
				INFOPLIST_KEY_UISupportedInterfaceOrientations_iPhone = "UIInterfaceOrientationPortrait UIInterfaceOrientationLandscapeLeft UIInterfaceOrientationLandscapeRight";
				IPHONEOS_DEPLOYMENT_TARGET = 16.0;
				LD_RUNPATH_SEARCH_PATHS = (
					"$(inherited)",
					"@executable_path/Frameworks",
				);
				MARKETING_VERSION = 1.0;
				PRODUCT_BUNDLE_IDENTIFIER = com.elzhankk.PixelPond;
				PRODUCT_NAME = "$(TARGET_NAME)";
				SWIFT_EMIT_LOC_STRINGS = YES;
				SWIFT_VERSION = 5.0;
				TARGETED_DEVICE_FAMILY = "1,2";
			};
			name = Debug;
		};
		1AB18FD62B13860500988996 /* Release */ = {
			isa = XCBuildConfiguration;
			buildSettings = {
				ASSETCATALOG_COMPILER_APPICON_NAME = AppIcon;
				ASSETCATALOG_COMPILER_GLOBAL_ACCENT_COLOR_NAME = AccentColor;
				CODE_SIGN_STYLE = Automatic;
				CURRENT_PROJECT_VERSION = 1;
				DEVELOPMENT_TEAM = PHG6N4C833;
				GENERATE_INFOPLIST_FILE = YES;
				INFOPLIST_FILE = PixelPond/Info.plist;
				INFOPLIST_KEY_UIApplicationSupportsIndirectInputEvents = YES;
				INFOPLIST_KEY_UILaunchStoryboardName = LaunchScreen;
				INFOPLIST_KEY_UISupportedInterfaceOrientations_iPad = "UIInterfaceOrientationPortrait UIInterfaceOrientationPortraitUpsideDown UIInterfaceOrientationLandscapeLeft UIInterfaceOrientationLandscapeRight";
				INFOPLIST_KEY_UISupportedInterfaceOrientations_iPhone = "UIInterfaceOrientationPortrait UIInterfaceOrientationLandscapeLeft UIInterfaceOrientationLandscapeRight";
				IPHONEOS_DEPLOYMENT_TARGET = 16.0;
				LD_RUNPATH_SEARCH_PATHS = (
					"$(inherited)",
					"@executable_path/Frameworks",
				);
				MARKETING_VERSION = 1.0;
				PRODUCT_BUNDLE_IDENTIFIER = com.elzhankk.PixelPond;
				PRODUCT_NAME = "$(TARGET_NAME)";
				SWIFT_EMIT_LOC_STRINGS = YES;
				SWIFT_VERSION = 5.0;
				TARGETED_DEVICE_FAMILY = "1,2";
			};
			name = Release;
		};
/* End XCBuildConfiguration section */

/* Begin XCConfigurationList section */
		1AB18FBB2B13860400988996 /* Build configuration list for PBXProject "PixelPond" */ = {
			isa = XCConfigurationList;
			buildConfigurations = (
				1AB18FD22B13860500988996 /* Debug */,
				1AB18FD32B13860500988996 /* Release */,
			);
			defaultConfigurationIsVisible = 0;
			defaultConfigurationName = Release;
		};
		1AB18FD42B13860500988996 /* Build configuration list for PBXNativeTarget "PixelPond" */ = {
			isa = XCConfigurationList;
			buildConfigurations = (
				1AB18FD52B13860500988996 /* Debug */,
				1AB18FD62B13860500988996 /* Release */,
			);
			defaultConfigurationIsVisible = 0;
			defaultConfigurationName = Release;
		};
/* End XCConfigurationList section */
	};
	rootObject = 1AB18FB82B13860400988996 /* Project object */;
}
